
Microsoft Visual Studio Solution File, Format Version 12.00
# Visual Studio Version 17
VisualStudioVersion = 17.8.34309.116
MinimumVisualStudioVersion = 10.0.40219.1
Project("{FAE04EC0-301F-11D3-BF4B-00C04F79EFBC}") = "Movies", "Movies\Movies.csproj", "{6E915BEA-9243-4C7F-9FAC-22880B075D5C}"
EndProject
Global
	GlobalSection(SolutionConfigurationPlatforms) = preSolution
		Debug|Any CPU = Debug|Any CPU
		Release|Any CPU = Release|Any CPU
	EndGlobalSection
	GlobalSection(ProjectConfigurationPlatforms) = postSolution
		{6E915BEA-9243-4C7F-9FAC-22880B075D5C}.Debug|Any CPU.ActiveCfg = Debug|Any CPU
		{6E915BEA-9243-4C7F-9FAC-22880B075D5C}.Debug|Any CPU.Build.0 = Debug|Any CPU
		{6E915BEA-9243-4C7F-9FAC-22880B075D5C}.Release|Any CPU.ActiveCfg = Release|Any CPU
		{6E915BEA-9243-4C7F-9FAC-22880B075D5C}.Release|Any CPU.Build.0 = Release|Any CPU
	EndGlobalSection
	GlobalSection(SolutionProperties) = preSolution
		HideSolutionNode = FALSE
	EndGlobalSection
	GlobalSection(ExtensibilityGlobals) = postSolution
		SolutionGuid = {520639E6-FF68-4225-8A7F-4DA5E08CBD18}
	EndGlobalSection
EndGlobal
